{
  "version": 4,
  "terraform_version": "1.7.5",
  "serial": 13,
  "lineage": "f6d1430d-f7fc-fb07-9784-201b83c86ff8",
  "outputs": {},
  "resources": [
    {
      "mode": "managed",
      "type": "azurerm_container_group",
      "name": "trcg_test",
      "provider": "provider[\"registry.terraform.io/hashicorp/azurerm\"]",
      "instances": [
        {
          "schema_version": 0,
          "attributes": {
            "container": [
              {
                "commands": [],
                "cpu": 1,
                "environment_variables": null,
                "gpu": [],
                "image": "rklrkl/weathertestapi",
                "liveness_probe": [],
                "memory": 1,
                "name": "weathertestapi",
                "ports": [
                  {
                    "port": 8080,
                    "protocol": "TCP"
                  }
                ],
                "readiness_probe": [],
                "secure_environment_variables": null,
                "volume": []
              }
            ],
            "diagnostics": [],
            "dns_config": [],
            "dns_name_label": "rklrklweathertestapi",
            "exposed_port": [
              {
                "port": 8080,
                "protocol": "TCP"
              }
            ],
            "fqdn": "rklrklweathertestapi.polandcentral.azurecontainer.io",
            "id": "/subscriptions/3776ccc5-93ef-4846-b2c2-da3c64db26a7/resourceGroups/tfmainrg/providers/Microsoft.ContainerInstance/containerGroups/weathertestapi",
            "identity": [],
            "image_registry_credential": [],
            "ip_address": "20.215.134.27",
            "ip_address_type": "Public",
            "location": "polandcentral",
            "name": "weathertestapi",
            "network_profile_id": null,
            "os_type": "Linux",
            "resource_group_name": "tfmainrg",
            "restart_policy": "OnFailure",
            "tags": null,
            "timeouts": null
          },
          "sensitive_attributes": [],
          "private": "eyJlMmJmYjczMC1lY2FhLTExZTYtOGY4OC0zNDM2M2JjN2M0YzAiOnsiY3JlYXRlIjoxODAwMDAwMDAwMDAwLCJkZWxldGUiOjE4MDAwMDAwMDAwMDAsInJlYWQiOjMwMDAwMDAwMDAwMCwidXBkYXRlIjoxODAwMDAwMDAwMDAwfX0=",
          "dependencies": [
            "azurerm_resource_group.tf_test"
          ]
        }
      ]
    },
    {
      "mode": "managed",
      "type": "azurerm_resource_group",
      "name": "tf_test",
      "provider": "provider[\"registry.terraform.io/hashicorp/azurerm\"]",
      "instances": [
        {
          "schema_version": 0,
          "attributes": {
            "id": "/subscriptions/3776ccc5-93ef-4846-b2c2-da3c64db26a7/resourceGroups/tfmainrg",
            "location": "polandcentral",
            "name": "tfmainrg",
            "tags": {},
            "timeouts": null
          },
          "sensitive_attributes": [],
          "private": "eyJlMmJmYjczMC1lY2FhLTExZTYtOGY4OC0zNDM2M2JjN2M0YzAiOnsiY3JlYXRlIjo1NDAwMDAwMDAwMDAwLCJkZWxldGUiOjU0MDAwMDAwMDAwMDAsInJlYWQiOjMwMDAwMDAwMDAwMCwidXBkYXRlIjo1NDAwMDAwMDAwMDAwfX0="
        }
      ]
    }
  ],
  "check_results": null
}
